
Microsoft Visual Studio Solution File, Format Version 12.00
# Visual Studio Version 16
VisualStudioVersion = 16.0.29001.49
MinimumVisualStudioVersion = 10.0.40219.1
Project("{FAE04EC0-301F-11D3-BF4B-00C04F79EFBC}") = "SquidDraftLeague.Draft", "SquidDraftLeague.Draft\SquidDraftLeague.Draft.csproj", "{49A3D02B-8F10-42EB-A1C2-B7295C970D69}"
EndProject
Global
	GlobalSection(SolutionConfigurationPlatforms) = preSolution
		Debug|Any CPU = Debug|Any CPU
		Release|Any CPU = Release|Any CPU
	EndGlobalSection
	GlobalSection(ProjectConfigurationPlatforms) = postSolution
		{49A3D02B-8F10-42EB-A1C2-B7295C970D69}.Debug|Any CPU.ActiveCfg = Debug|Any CPU
		{49A3D02B-8F10-42EB-A1C2-B7295C970D69}.Debug|Any CPU.Build.0 = Debug|Any CPU
		{49A3D02B-8F10-42EB-A1C2-B7295C970D69}.Release|Any CPU.ActiveCfg = Release|Any CPU
		{49A3D02B-8F10-42EB-A1C2-B7295C970D69}.Release|Any CPU.Build.0 = Release|Any CPU
	EndGlobalSection
	GlobalSection(SolutionProperties) = preSolution
		HideSolutionNode = FALSE
	EndGlobalSection
	GlobalSection(ExtensibilityGlobals) = postSolution
		SolutionGuid = {809FC710-83E0-4D4B-82D7-A15217B63FEC}
	EndGlobalSection
EndGlobal
